
Microsoft Visual Studio Solution File, Format Version 12.00
# Visual Studio Version 16
VisualStudioVersion = 16.0.31911.196
MinimumVisualStudioVersion = 10.0.40219.1
Project("{FAE04EC0-301F-11D3-BF4B-00C04F79EFBC}") = "CnabGenerator", "CnabGenerator\CnabGenerator.csproj", "{A083DDE4-B0ED-4830-B2BB-6A550D8867EC}"
EndProject
Global
	GlobalSection(SolutionConfigurationPlatforms) = preSolution
		Debug|Any CPU = Debug|Any CPU
		Release|Any CPU = Release|Any CPU
	EndGlobalSection
	GlobalSection(ProjectConfigurationPlatforms) = postSolution
		{A083DDE4-B0ED-4830-B2BB-6A550D8867EC}.Debug|Any CPU.ActiveCfg = Debug|Any CPU
		{A083DDE4-B0ED-4830-B2BB-6A550D8867EC}.Debug|Any CPU.Build.0 = Debug|Any CPU
		{A083DDE4-B0ED-4830-B2BB-6A550D8867EC}.Release|Any CPU.ActiveCfg = Release|Any CPU
		{A083DDE4-B0ED-4830-B2BB-6A550D8867EC}.Release|Any CPU.Build.0 = Release|Any CPU
	EndGlobalSection
	GlobalSection(SolutionProperties) = preSolution
		HideSolutionNode = FALSE
	EndGlobalSection
	GlobalSection(ExtensibilityGlobals) = postSolution
		SolutionGuid = {C539975A-7258-47C1-A959-E351139E4895}
	EndGlobalSection
EndGlobal
